
Microsoft Visual Studio Solution File, Format Version 12.00
# Visual Studio Version 17
VisualStudioVersion = 17.10.35027.167
MinimumVisualStudioVersion = 10.0.40219.1
Project("{FAE04EC0-301F-11D3-BF4B-00C04F79EFBC}") = "MVC", "MVC.csproj", "{4CD36D27-D0A6-474F-898A-79084E0FB439}"
EndProject
Project("{FAE04EC0-301F-11D3-BF4B-00C04F79EFBC}") = "BLL", "..\BLL\BLL.csproj", "{B1E4F56D-BEB0-454C-888E-B206D5701795}"
EndProject
Global
	GlobalSection(SolutionConfigurationPlatforms) = preSolution
		Debug|Any CPU = Debug|Any CPU
		Release|Any CPU = Release|Any CPU
	EndGlobalSection
	GlobalSection(ProjectConfigurationPlatforms) = postSolution
		{4CD36D27-D0A6-474F-898A-79084E0FB439}.Debug|Any CPU.ActiveCfg = Debug|Any CPU
		{4CD36D27-D0A6-474F-898A-79084E0FB439}.Debug|Any CPU.Build.0 = Debug|Any CPU
		{4CD36D27-D0A6-474F-898A-79084E0FB439}.Release|Any CPU.ActiveCfg = Release|Any CPU
		{4CD36D27-D0A6-474F-898A-79084E0FB439}.Release|Any CPU.Build.0 = Release|Any CPU
		{B1E4F56D-BEB0-454C-888E-B206D5701795}.Debug|Any CPU.ActiveCfg = Debug|Any CPU
		{B1E4F56D-BEB0-454C-888E-B206D5701795}.Debug|Any CPU.Build.0 = Debug|Any CPU
		{B1E4F56D-BEB0-454C-888E-B206D5701795}.Release|Any CPU.ActiveCfg = Release|Any CPU
		{B1E4F56D-BEB0-454C-888E-B206D5701795}.Release|Any CPU.Build.0 = Release|Any CPU
	EndGlobalSection
	GlobalSection(SolutionProperties) = preSolution
		HideSolutionNode = FALSE
	EndGlobalSection
	GlobalSection(ExtensibilityGlobals) = postSolution
		SolutionGuid = {F82DED03-F14F-4CF1-81CB-4E9ABEB5DB6C}
	EndGlobalSection
EndGlobal
